
Microsoft Visual Studio Solution File, Format Version 12.00
# Visual Studio 2012
Project("{FAE04EC0-301F-11D3-BF4B-00C04F79EFBC}") = "ProcessAutoTools", "ProcessAutoTools\ProcessAutoTools.csproj", "{23B55F37-A692-48EC-B959-D4151C580D94}"
EndProject
Project("{FAE04EC0-301F-11D3-BF4B-00C04F79EFBC}") = "ProcessAutoTools.ORM", "ProcessAutoTools.ORM\ProcessAutoTools.ORM.csproj", "{E412824B-ADE9-41F2-9405-EB9F79C11269}"
EndProject
Project("{FAE04EC0-301F-11D3-BF4B-00C04F79EFBC}") = "ProcessAutoTools.POCOS", "ProcessAutoTools.POCOS\ProcessAutoTools.POCOS.csproj", "{11B9B6E8-AEE1-455D-8282-089293765429}"
EndProject
Project("{FAE04EC0-301F-11D3-BF4B-00C04F79EFBC}") = "ProcessAutoTools.BL", "ProcessAutoTools.BL\ProcessAutoTools.BL.csproj", "{4F5B8405-F636-480E-8216-F7FAA1C6B524}"
EndProject
Global
	GlobalSection(SolutionConfigurationPlatforms) = preSolution
		Debug|Any CPU = Debug|Any CPU
		Release|Any CPU = Release|Any CPU
	EndGlobalSection
	GlobalSection(ProjectConfigurationPlatforms) = postSolution
		{23B55F37-A692-48EC-B959-D4151C580D94}.Debug|Any CPU.ActiveCfg = Debug|Any CPU
		{23B55F37-A692-48EC-B959-D4151C580D94}.Debug|Any CPU.Build.0 = Debug|Any CPU
		{23B55F37-A692-48EC-B959-D4151C580D94}.Release|Any CPU.ActiveCfg = Release|Any CPU
		{23B55F37-A692-48EC-B959-D4151C580D94}.Release|Any CPU.Build.0 = Release|Any CPU
		{E412824B-ADE9-41F2-9405-EB9F79C11269}.Debug|Any CPU.ActiveCfg = Debug|Any CPU
		{E412824B-ADE9-41F2-9405-EB9F79C11269}.Debug|Any CPU.Build.0 = Debug|Any CPU
		{E412824B-ADE9-41F2-9405-EB9F79C11269}.Release|Any CPU.ActiveCfg = Release|Any CPU
		{E412824B-ADE9-41F2-9405-EB9F79C11269}.Release|Any CPU.Build.0 = Release|Any CPU
		{11B9B6E8-AEE1-455D-8282-089293765429}.Debug|Any CPU.ActiveCfg = Debug|Any CPU
		{11B9B6E8-AEE1-455D-8282-089293765429}.Debug|Any CPU.Build.0 = Debug|Any CPU
		{11B9B6E8-AEE1-455D-8282-089293765429}.Release|Any CPU.ActiveCfg = Release|Any CPU
		{11B9B6E8-AEE1-455D-8282-089293765429}.Release|Any CPU.Build.0 = Release|Any CPU
		{4F5B8405-F636-480E-8216-F7FAA1C6B524}.Debug|Any CPU.ActiveCfg = Debug|Any CPU
		{4F5B8405-F636-480E-8216-F7FAA1C6B524}.Debug|Any CPU.Build.0 = Debug|Any CPU
		{4F5B8405-F636-480E-8216-F7FAA1C6B524}.Release|Any CPU.ActiveCfg = Release|Any CPU
		{4F5B8405-F636-480E-8216-F7FAA1C6B524}.Release|Any CPU.Build.0 = Release|Any CPU
	EndGlobalSection
	GlobalSection(SolutionProperties) = preSolution
		HideSolutionNode = FALSE
	EndGlobalSection
EndGlobal
